
Microsoft Visual Studio Solution File, Format Version 12.00
# Visual Studio Version 16
VisualStudioVersion = 16.0.31025.194
MinimumVisualStudioVersion = 10.0.40219.1
Project("{FAE04EC0-301F-11D3-BF4B-00C04F79EFBC}") = "SemProject", "SemProject\SemProject.csproj", "{AA44EA28-1D32-4C4E-AC57-CDE3615491D9}"
EndProject
Global
	GlobalSection(SolutionConfigurationPlatforms) = preSolution
		Debug|Any CPU = Debug|Any CPU
		Release|Any CPU = Release|Any CPU
	EndGlobalSection
	GlobalSection(ProjectConfigurationPlatforms) = postSolution
		{AA44EA28-1D32-4C4E-AC57-CDE3615491D9}.Debug|Any CPU.ActiveCfg = Debug|Any CPU
		{AA44EA28-1D32-4C4E-AC57-CDE3615491D9}.Debug|Any CPU.Build.0 = Debug|Any CPU
		{AA44EA28-1D32-4C4E-AC57-CDE3615491D9}.Release|Any CPU.ActiveCfg = Release|Any CPU
		{AA44EA28-1D32-4C4E-AC57-CDE3615491D9}.Release|Any CPU.Build.0 = Release|Any CPU
	EndGlobalSection
	GlobalSection(SolutionProperties) = preSolution
		HideSolutionNode = FALSE
	EndGlobalSection
	GlobalSection(ExtensibilityGlobals) = postSolution
		SolutionGuid = {208543DF-D10E-4DE6-99DF-802363666F6C}
	EndGlobalSection
EndGlobal
